
Microsoft Visual Studio Solution File, Format Version 12.00
# Visual Studio Version 16
VisualStudioVersion = 16.0.31112.23
MinimumVisualStudioVersion = 10.0.40219.1
Project("{9A19103F-16F7-4668-BE54-9A1E7A4F7556}") = "TourManager", "TourManager.csproj", "{7397FAF2-3521-48D6-A869-1494B7052C2E}"
EndProject
Project("{9A19103F-16F7-4668-BE54-9A1E7A4F7556}") = "TourManager.BusinessLayer", "..\TourManager.BusinessLayer\TourManager.BusinessLayer.csproj", "{06755924-13DC-49C1-AC12-C24F9A8AA6B2}"
EndProject
Project("{9A19103F-16F7-4668-BE54-9A1E7A4F7556}") = "TourManagerModels", "..\TourManager.Models\TourManagerModels.csproj", "{4A2B5EA2-87D0-4F23-89A6-7B68FD932D8B}"
EndProject
Project("{9A19103F-16F7-4668-BE54-9A1E7A4F7556}") = "TourManager.DAL", "..\TourManager.DAL\TourManager.DAL.csproj", "{0ACC90E4-D618-4937-B865-15415307989F}"
EndProject
Project("{FAE04EC0-301F-11D3-BF4B-00C04F79EFBC}") = "TourManager.Tests", "..\TourManager.Tests\TourManager.Tests.csproj", "{766208A8-6B37-43D9-9346-834D03CEC0A7}"
EndProject
Global
	GlobalSection(SolutionConfigurationPlatforms) = preSolution
		Debug|Any CPU = Debug|Any CPU
		Release|Any CPU = Release|Any CPU
	EndGlobalSection
	GlobalSection(ProjectConfigurationPlatforms) = postSolution
		{7397FAF2-3521-48D6-A869-1494B7052C2E}.Debug|Any CPU.ActiveCfg = Debug|Any CPU
		{7397FAF2-3521-48D6-A869-1494B7052C2E}.Debug|Any CPU.Build.0 = Debug|Any CPU
		{7397FAF2-3521-48D6-A869-1494B7052C2E}.Release|Any CPU.ActiveCfg = Release|Any CPU
		{7397FAF2-3521-48D6-A869-1494B7052C2E}.Release|Any CPU.Build.0 = Release|Any CPU
		{06755924-13DC-49C1-AC12-C24F9A8AA6B2}.Debug|Any CPU.ActiveCfg = Debug|Any CPU
		{06755924-13DC-49C1-AC12-C24F9A8AA6B2}.Debug|Any CPU.Build.0 = Debug|Any CPU
		{06755924-13DC-49C1-AC12-C24F9A8AA6B2}.Release|Any CPU.ActiveCfg = Release|Any CPU
		{06755924-13DC-49C1-AC12-C24F9A8AA6B2}.Release|Any CPU.Build.0 = Release|Any CPU
		{4A2B5EA2-87D0-4F23-89A6-7B68FD932D8B}.Debug|Any CPU.ActiveCfg = Debug|Any CPU
		{4A2B5EA2-87D0-4F23-89A6-7B68FD932D8B}.Debug|Any CPU.Build.0 = Debug|Any CPU
		{4A2B5EA2-87D0-4F23-89A6-7B68FD932D8B}.Release|Any CPU.ActiveCfg = Release|Any CPU
		{4A2B5EA2-87D0-4F23-89A6-7B68FD932D8B}.Release|Any CPU.Build.0 = Release|Any CPU
		{0ACC90E4-D618-4937-B865-15415307989F}.Debug|Any CPU.ActiveCfg = Debug|Any CPU
		{0ACC90E4-D618-4937-B865-15415307989F}.Debug|Any CPU.Build.0 = Debug|Any CPU
		{0ACC90E4-D618-4937-B865-15415307989F}.Release|Any CPU.ActiveCfg = Release|Any CPU
		{0ACC90E4-D618-4937-B865-15415307989F}.Release|Any CPU.Build.0 = Release|Any CPU
		{766208A8-6B37-43D9-9346-834D03CEC0A7}.Debug|Any CPU.ActiveCfg = Debug|Any CPU
		{766208A8-6B37-43D9-9346-834D03CEC0A7}.Debug|Any CPU.Build.0 = Debug|Any CPU
		{766208A8-6B37-43D9-9346-834D03CEC0A7}.Release|Any CPU.ActiveCfg = Release|Any CPU
		{766208A8-6B37-43D9-9346-834D03CEC0A7}.Release|Any CPU.Build.0 = Release|Any CPU
	EndGlobalSection
	GlobalSection(SolutionProperties) = preSolution
		HideSolutionNode = FALSE
	EndGlobalSection
	GlobalSection(ExtensibilityGlobals) = postSolution
		SolutionGuid = {D34BF9C2-8BB4-4347-A75C-72DCBD9B8F3D}
	EndGlobalSection
EndGlobal
